// !$*UTF8*$!
{
	archiveVersion = 1;
	classes = {
	};
	objectVersion = 77;
	objects = {

/* Begin PBXBuildFile section */
		021DA9BC134CB71FC99D3E33 /* Topbar.swift in Sources */ = {isa = PBXBuildFile; fileRef = D83D84303CC6C16D77206BBF /* Topbar.swift */; };
		0234F2C79E87D080DDC1976F /* PipelinePanel.swift in Sources */ = {isa = PBXBuildFile; fileRef = C8825A47D1902E00E263C8FE /* PipelinePanel.swift */; };
		027A7DC15D5015B16861BAF6 /* StreamPanel.swift in Sources */ = {isa = PBXBuildFile; fileRef = 8AC4932BBC87805E9351E29C /* StreamPanel.swift */; };
		2457F20BE860A3C178AA745D /* ForgotPasswordView.swift in Sources */ = {isa = PBXBuildFile; fileRef = 66FDE9937E9B9BA82D263F7B /* ForgotPasswordView.swift */; };
		3A12D8A26ED24EC6CF4D4EE5 /* HistoryListView.swift in Sources */ = {isa = PBXBuildFile; fileRef = D6CCF25943483C6B22B4648E /* HistoryListView.swift */; };
		3FC93C57B540B1AC7035DFC6 /* DeepAlphaCore in Frameworks */ = {isa = PBXBuildFile; productRef = 724DC702516AB02FE68B55C8 /* DeepAlphaCore */; };
		4E21F39AD100D1A50C01AFB8 /* RegisterView.swift in Sources */ = {isa = PBXBuildFile; fileRef = C68D99BE2A69AF96D2CC645F /* RegisterView.swift */; };
		639888FA927B0EFA295BF785 /* TradingDeskView.swift in Sources */ = {isa = PBXBuildFile; fileRef = 3B4E66E6D8FEB52BD02DA8BC /* TradingDeskView.swift */; };
		74FC0265866C004AFF378BA6 /* DeepAlphaClubApp.swift in Sources */ = {isa = PBXBuildFile; fileRef = F718E462ADE96EA7695E9CE7 /* DeepAlphaClubApp.swift */; };
		78CE239D9F28A6C7AE8A1D6A /* VerdictCard.swift in Sources */ = {isa = PBXBuildFile; fileRef = 211DCF3A1ABB90C8559AAA4B /* VerdictCard.swift */; };
		8090AA9B9BDA1A46524D753D /* ErrorBanner.swift in Sources */ = {isa = PBXBuildFile; fileRef = CF37691DCA7AC79F446543C6 /* ErrorBanner.swift */; };
		83427D36E2056695FA79C76A /* CompositionRoot.swift in Sources */ = {isa = PBXBuildFile; fileRef = BDE65FC0C82F27F59813A029 /* CompositionRoot.swift */; };
		90AE268DB904492396549A68 /* SignalColors.swift in Sources */ = {isa = PBXBuildFile; fileRef = 679B2E95C74EC33A6660E2AE /* SignalColors.swift */; };
		962F2BAD28F6108C9D0AC068 /* LoginView.swift in Sources */ = {isa = PBXBuildFile; fileRef = 11C9482CB7FC8D9FE0B7ADD6 /* LoginView.swift */; };
		A523A58043F22941DD690364 /* SignalChip.swift in Sources */ = {isa = PBXBuildFile; fileRef = DC2B81F3F5B15D10F53EDB8F /* SignalChip.swift */; };
		A7888A3C397218AAD0374300 /* RootView.swift in Sources */ = {isa = PBXBuildFile; fileRef = 8D4B576094422B0D804452F9 /* RootView.swift */; };
		B09E5B1C0ED6F7E93B3300A1 /* AuthFields.swift in Sources */ = {isa = PBXBuildFile; fileRef = 0D3D0D5C6BAD3FB8E003C5AD /* AuthFields.swift */; };
		B55A3D046DE82C3F0EB6505A /* TurnCard.swift in Sources */ = {isa = PBXBuildFile; fileRef = CD1D9226B8A42CACE0B73A43 /* TurnCard.swift */; };
		BD8D14C0186CBCDEBBE03DD2 /* DecisionPanel.swift in Sources */ = {isa = PBXBuildFile; fileRef = 9C06B11BB75E70F5B074ACF6 /* DecisionPanel.swift */; };
		C4371B77C22D927841388422 /* InjectSheet.swift in Sources */ = {isa = PBXBuildFile; fileRef = 6E1DA0E443F0327336711DDA /* InjectSheet.swift */; };
		C8C3692D3CF832C0B8B9F0E0 /* ConsensusMeter.swift in Sources */ = {isa = PBXBuildFile; fileRef = 7BED22B41E149165085B8EA5 /* ConsensusMeter.swift */; };
		D06EF1936A5061BDD1BE1CB3 /* RunReplayView.swift in Sources */ = {isa = PBXBuildFile; fileRef = 81405A91C2C8ECE2BD3C3DC9 /* RunReplayView.swift */; };
/* End PBXBuildFile section */

/* Begin PBXFileReference section */
		068A47CD2C9064B10B5B68BD /* DeepAlphaClub.app */ = {isa = PBXFileReference; includeInIndex = 0; lastKnownFileType = wrapper.application; path = DeepAlphaClub.app; sourceTree = BUILT_PRODUCTS_DIR; };
		0D3D0D5C6BAD3FB8E003C5AD /* AuthFields.swift */ = {isa = PBXFileReference; lastKnownFileType = sourcecode.swift; path = AuthFields.swift; sourceTree = "<group>"; };
		1018937C70DE29FF910AF039 /* Info.plist */ = {isa = PBXFileReference; lastKnownFileType = text.plist; path = Info.plist; sourceTree = "<group>"; };
		11C9482CB7FC8D9FE0B7ADD6 /* LoginView.swift */ = {isa = PBXFileReference; lastKnownFileType = sourcecode.swift; path = LoginView.swift; sourceTree = "<group>"; };
		211DCF3A1ABB90C8559AAA4B /* VerdictCard.swift */ = {isa = PBXFileReference; lastKnownFileType = sourcecode.swift; path = VerdictCard.swift; sourceTree = "<group>"; };
		3B4E66E6D8FEB52BD02DA8BC /* TradingDeskView.swift */ = {isa = PBXFileReference; lastKnownFileType = sourcecode.swift; path = TradingDeskView.swift; sourceTree = "<group>"; };
		66FDE9937E9B9BA82D263F7B /* ForgotPasswordView.swift */ = {isa = PBXFileReference; lastKnownFileType = sourcecode.swift; path = ForgotPasswordView.swift; sourceTree = "<group>"; };
		679B2E95C74EC33A6660E2AE /* SignalColors.swift */ = {isa = PBXFileReference; lastKnownFileType = sourcecode.swift; path = SignalColors.swift; sourceTree = "<group>"; };
		6E1DA0E443F0327336711DDA /* InjectSheet.swift */ = {isa = PBXFileReference; lastKnownFileType = sourcecode.swift; path = InjectSheet.swift; sourceTree = "<group>"; };
		7BED22B41E149165085B8EA5 /* ConsensusMeter.swift */ = {isa = PBXFileReference; lastKnownFileType = sourcecode.swift; path = ConsensusMeter.swift; sourceTree = "<group>"; };
		81405A91C2C8ECE2BD3C3DC9 /* RunReplayView.swift */ = {isa = PBXFileReference; lastKnownFileType = sourcecode.swift; path = RunReplayView.swift; sourceTree = "<group>"; };
		8AC4932BBC87805E9351E29C /* StreamPanel.swift */ = {isa = PBXFileReference; lastKnownFileType = sourcecode.swift; path = StreamPanel.swift; sourceTree = "<group>"; };
		8D4B576094422B0D804452F9 /* RootView.swift */ = {isa = PBXFileReference; lastKnownFileType = sourcecode.swift; path = RootView.swift; sourceTree = "<group>"; };
		9C06B11BB75E70F5B074ACF6 /* DecisionPanel.swift */ = {isa = PBXFileReference; lastKnownFileType = sourcecode.swift; path = DecisionPanel.swift; sourceTree = "<group>"; };
		B59659D031F65049E4B6584C /* Core */ = {isa = PBXFileReference; lastKnownFileType = folder; name = Core; path = Core; sourceTree = SOURCE_ROOT; };
		BDE65FC0C82F27F59813A029 /* CompositionRoot.swift */ = {isa = PBXFileReference; lastKnownFileType = sourcecode.swift; path = CompositionRoot.swift; sourceTree = "<group>"; };
		C68D99BE2A69AF96D2CC645F /* RegisterView.swift */ = {isa = PBXFileReference; lastKnownFileType = sourcecode.swift; path = RegisterView.swift; sourceTree = "<group>"; };
		C8825A47D1902E00E263C8FE /* PipelinePanel.swift */ = {isa = PBXFileReference; lastKnownFileType = sourcecode.swift; path = PipelinePanel.swift; sourceTree = "<group>"; };
		CD1D9226B8A42CACE0B73A43 /* TurnCard.swift */ = {isa = PBXFileReference; lastKnownFileType = sourcecode.swift; path = TurnCard.swift; sourceTree = "<group>"; };
		CF37691DCA7AC79F446543C6 /* ErrorBanner.swift */ = {isa = PBXFileReference; lastKnownFileType = sourcecode.swift; path = ErrorBanner.swift; sourceTree = "<group>"; };
		D6CCF25943483C6B22B4648E /* HistoryListView.swift */ = {isa = PBXFileReference; lastKnownFileType = sourcecode.swift; path = HistoryListView.swift; sourceTree = "<group>"; };
		D83D84303CC6C16D77206BBF /* Topbar.swift */ = {isa = PBXFileReference; lastKnownFileType = sourcecode.swift; path = Topbar.swift; sourceTree = "<group>"; };
		DC2B81F3F5B15D10F53EDB8F /* SignalChip.swift */ = {isa = PBXFileReference; lastKnownFileType = sourcecode.swift; path = SignalChip.swift; sourceTree = "<group>"; };
		E510E159F414F4995E9B4767 /* DeepAlphaClub.entitlements */ = {isa = PBXFileReference; lastKnownFileType = text.plist.entitlements; path = DeepAlphaClub.entitlements; sourceTree = "<group>"; };
		F718E462ADE96EA7695E9CE7 /* DeepAlphaClubApp.swift */ = {isa = PBXFileReference; lastKnownFileType = sourcecode.swift; path = DeepAlphaClubApp.swift; sourceTree = "<group>"; };
/* End PBXFileReference section */

/* Begin PBXFrameworksBuildPhase section */
		C21392E0D1E24B29A15F23EA /* Frameworks */ = {
			isa = PBXFrameworksBuildPhase;
			buildActionMask = 2147483647;
			files = (
				3FC93C57B540B1AC7035DFC6 /* DeepAlphaCore in Frameworks */,
			);
			runOnlyForDeploymentPostprocessing = 0;
		};
/* End PBXFrameworksBuildPhase section */

/* Begin PBXGroup section */
		2829ECD1C4A39A530D29B159 = {
			isa = PBXGroup;
			children = (
				CD5533BF64E26CB9C5D7E88F /* App */,
				53B5F710D3076D3011A58256 /* Packages */,
				BEF9FFB4FB6AF659B796EAD3 /* Products */,
			);
			sourceTree = "<group>";
		};
		53B5F710D3076D3011A58256 /* Packages */ = {
			isa = PBXGroup;
			children = (
				B59659D031F65049E4B6584C /* Core */,
			);
			name = Packages;
			sourceTree = "<group>";
		};
		574B82E377B76B7F1A461220 /* Auth */ = {
			isa = PBXGroup;
			children = (
				0D3D0D5C6BAD3FB8E003C5AD /* AuthFields.swift */,
				66FDE9937E9B9BA82D263F7B /* ForgotPasswordView.swift */,
				11C9482CB7FC8D9FE0B7ADD6 /* LoginView.swift */,
				C68D99BE2A69AF96D2CC645F /* RegisterView.swift */,
			);
			path = Auth;
			sourceTree = "<group>";
		};
		643670DD034C8DD9D0645787 /* Features */ = {
			isa = PBXGroup;
			children = (
				8C6987F5F911AEF754669C2E /* History */,
				BB4D065699075897513FAEF5 /* TradingDesk */,
			);
			path = Features;
			sourceTree = "<group>";
		};
		8C6987F5F911AEF754669C2E /* History */ = {
			isa = PBXGroup;
			children = (
				D6CCF25943483C6B22B4648E /* HistoryListView.swift */,
				81405A91C2C8ECE2BD3C3DC9 /* RunReplayView.swift */,
			);
			path = History;
			sourceTree = "<group>";
		};
		BB4D065699075897513FAEF5 /* TradingDesk */ = {
			isa = PBXGroup;
			children = (
				7BED22B41E149165085B8EA5 /* ConsensusMeter.swift */,
				9C06B11BB75E70F5B074ACF6 /* DecisionPanel.swift */,
				6E1DA0E443F0327336711DDA /* InjectSheet.swift */,
				C8825A47D1902E00E263C8FE /* PipelinePanel.swift */,
				DC2B81F3F5B15D10F53EDB8F /* SignalChip.swift */,
				8AC4932BBC87805E9351E29C /* StreamPanel.swift */,
				D83D84303CC6C16D77206BBF /* Topbar.swift */,
				3B4E66E6D8FEB52BD02DA8BC /* TradingDeskView.swift */,
				CD1D9226B8A42CACE0B73A43 /* TurnCard.swift */,
				211DCF3A1ABB90C8559AAA4B /* VerdictCard.swift */,
			);
			path = TradingDesk;
			sourceTree = "<group>";
		};
		BEF9FFB4FB6AF659B796EAD3 /* Products */ = {
			isa = PBXGroup;
			children = (
				068A47CD2C9064B10B5B68BD /* DeepAlphaClub.app */,
			);
			name = Products;
			sourceTree = "<group>";
		};
		CA15781D888C7A88AAD80996 /* Theme */ = {
			isa = PBXGroup;
			children = (
				679B2E95C74EC33A6660E2AE /* SignalColors.swift */,
			);
			path = Theme;
			sourceTree = "<group>";
		};
		CD5533BF64E26CB9C5D7E88F /* App */ = {
			isa = PBXGroup;
			children = (
				BDE65FC0C82F27F59813A029 /* CompositionRoot.swift */,
				E510E159F414F4995E9B4767 /* DeepAlphaClub.entitlements */,
				F718E462ADE96EA7695E9CE7 /* DeepAlphaClubApp.swift */,
				CF37691DCA7AC79F446543C6 /* ErrorBanner.swift */,
				1018937C70DE29FF910AF039 /* Info.plist */,
				8D4B576094422B0D804452F9 /* RootView.swift */,
				574B82E377B76B7F1A461220 /* Auth */,
				643670DD034C8DD9D0645787 /* Features */,
				CA15781D888C7A88AAD80996 /* Theme */,
			);
			path = App;
			sourceTree = "<group>";
		};
/* End PBXGroup section */

/* Begin PBXNativeTarget section */
		47BCFDC8711809EB3A6E1FB5 /* DeepAlphaClub */ = {
			isa = PBXNativeTarget;
			buildConfigurationList = D62585479BC6F8F20A0C7FA6 /* Build configuration list for PBXNativeTarget "DeepAlphaClub" */;
			buildPhases = (
				7A031C0A3658B514DBD1429B /* Sources */,
				C21392E0D1E24B29A15F23EA /* Frameworks */,
			);
			buildRules = (
			);
			dependencies = (
			);
			name = DeepAlphaClub;
			packageProductDependencies = (
				724DC702516AB02FE68B55C8 /* DeepAlphaCore */,
			);
			productName = DeepAlphaClub;
			productReference = 068A47CD2C9064B10B5B68BD /* DeepAlphaClub.app */;
			productType = "com.apple.product-type.application";
		};
/* End PBXNativeTarget section */

/* Begin PBXProject section */
		154909BBC56366610E579154 /* Project object */ = {
			isa = PBXProject;
			attributes = {
				BuildIndependentTargetsInParallel = YES;
				LastUpgradeCheck = 1430;
				TargetAttributes = {
					47BCFDC8711809EB3A6E1FB5 = {
						ProvisioningStyle = Automatic;
					};
				};
			};
			buildConfigurationList = 68F4617145BA48228DEAC4BB /* Build configuration list for PBXProject "DeepAlphaClub" */;
			developmentRegion = en;
			hasScannedForEncodings = 0;
			knownRegions = (
				Base,
				en,
			);
			mainGroup = 2829ECD1C4A39A530D29B159;
			minimizedProjectReferenceProxies = 1;
			packageReferences = (
				5D5182E11576910FF3F65F90 /* XCLocalSwiftPackageReference "Core" */,
			);
			preferredProjectObjectVersion = 77;
			productRefGroup = BEF9FFB4FB6AF659B796EAD3 /* Products */;
			projectDirPath = "";
			projectRoot = "";
			targets = (
				47BCFDC8711809EB3A6E1FB5 /* DeepAlphaClub */,
			);
		};
/* End PBXProject section */

/* Begin PBXSourcesBuildPhase section */
		7A031C0A3658B514DBD1429B /* Sources */ = {
			isa = PBXSourcesBuildPhase;
			buildActionMask = 2147483647;
			files = (
				B09E5B1C0ED6F7E93B3300A1 /* AuthFields.swift in Sources */,
				83427D36E2056695FA79C76A /* CompositionRoot.swift in Sources */,
				C8C3692D3CF832C0B8B9F0E0 /* ConsensusMeter.swift in Sources */,
				BD8D14C0186CBCDEBBE03DD2 /* DecisionPanel.swift in Sources */,
				74FC0265866C004AFF378BA6 /* DeepAlphaClubApp.swift in Sources */,
				8090AA9B9BDA1A46524D753D /* ErrorBanner.swift in Sources */,
				2457F20BE860A3C178AA745D /* ForgotPasswordView.swift in Sources */,
				3A12D8A26ED24EC6CF4D4EE5 /* HistoryListView.swift in Sources */,
				C4371B77C22D927841388422 /* InjectSheet.swift in Sources */,
				962F2BAD28F6108C9D0AC068 /* LoginView.swift in Sources */,
				0234F2C79E87D080DDC1976F /* PipelinePanel.swift in Sources */,
				4E21F39AD100D1A50C01AFB8 /* RegisterView.swift in Sources */,
				A7888A3C397218AAD0374300 /* RootView.swift in Sources */,
				D06EF1936A5061BDD1BE1CB3 /* RunReplayView.swift in Sources */,
				A523A58043F22941DD690364 /* SignalChip.swift in Sources */,
				90AE268DB904492396549A68 /* SignalColors.swift in Sources */,
				027A7DC15D5015B16861BAF6 /* StreamPanel.swift in Sources */,
				021DA9BC134CB71FC99D3E33 /* Topbar.swift in Sources */,
				639888FA927B0EFA295BF785 /* TradingDeskView.swift in Sources */,
				B55A3D046DE82C3F0EB6505A /* TurnCard.swift in Sources */,
				78CE239D9F28A6C7AE8A1D6A /* VerdictCard.swift in Sources */,
			);
			runOnlyForDeploymentPostprocessing = 0;
		};
/* End PBXSourcesBuildPhase section */

/* Begin XCBuildConfiguration section */
		5CC4E9F9B3B5ADA42F17579F /* Debug */ = {
			isa = XCBuildConfiguration;
			buildSettings = {
				ASSETCATALOG_COMPILER_APPICON_NAME = AppIcon;
				CODE_SIGN_ENTITLEMENTS = App/DeepAlphaClub.entitlements;
				CODE_SIGN_IDENTITY = "iPhone Developer";
				CODE_SIGN_STYLE = Automatic;
				INFOPLIST_FILE = App/Info.plist;
				LD_RUNPATH_SEARCH_PATHS = (
					"$(inherited)",
					"@executable_path/Frameworks",
				);
				PRODUCT_BUNDLE_IDENTIFIER = club.deepalpha.ios;
				SDKROOT = iphoneos;
				SWIFT_VERSION = 6.0;
				TARGETED_DEVICE_FAMILY = "1,2";
			};
			name = Debug;
		};
		8CBC51A915004AC0EE4CE96A /* Release */ = {
			isa = XCBuildConfiguration;
			buildSettings = {
				ALWAYS_SEARCH_USER_PATHS = NO;
				CLANG_ANALYZER_NONNULL = YES;
				CLANG_ANALYZER_NUMBER_OBJECT_CONVERSION = YES_AGGRESSIVE;
				CLANG_CXX_LANGUAGE_STANDARD = "gnu++14";
				CLANG_CXX_LIBRARY = "libc++";
				CLANG_ENABLE_MODULES = YES;
				CLANG_ENABLE_OBJC_ARC = YES;
				CLANG_ENABLE_OBJC_WEAK = YES;
				CLANG_WARN_BLOCK_CAPTURE_AUTORELEASING = YES;
				CLANG_WARN_BOOL_CONVERSION = YES;
				CLANG_WARN_COMMA = YES;
				CLANG_WARN_CONSTANT_CONVERSION = YES;
				CLANG_WARN_DEPRECATED_OBJC_IMPLEMENTATIONS = YES;
				CLANG_WARN_DIRECT_OBJC_ISA_USAGE = YES_ERROR;
				CLANG_WARN_DOCUMENTATION_COMMENTS = YES;
				CLANG_WARN_EMPTY_BODY = YES;
				CLANG_WARN_ENUM_CONVERSION = YES;
				CLANG_WARN_INFINITE_RECURSION = YES;
				CLANG_WARN_INT_CONVERSION = YES;
				CLANG_WARN_NON_LITERAL_NULL_CONVERSION = YES;
				CLANG_WARN_OBJC_IMPLICIT_RETAIN_SELF = YES;
				CLANG_WARN_OBJC_LITERAL_CONVERSION = YES;
				CLANG_WARN_OBJC_ROOT_CLASS = YES_ERROR;
				CLANG_WARN_QUOTED_INCLUDE_IN_FRAMEWORK_HEADER = YES;
				CLANG_WARN_RANGE_LOOP_ANALYSIS = YES;
				CLANG_WARN_STRICT_PROTOTYPES = YES;
				CLANG_WARN_SUSPICIOUS_MOVE = YES;
				CLANG_WARN_UNGUARDED_AVAILABILITY = YES_AGGRESSIVE;
				CLANG_WARN_UNREACHABLE_CODE = YES;
				CLANG_WARN__DUPLICATE_METHOD_MATCH = YES;
				COPY_PHASE_STRIP = NO;
				DEBUG_INFORMATION_FORMAT = "dwarf-with-dsym";
				ENABLE_NS_ASSERTIONS = NO;
				ENABLE_STRICT_OBJC_MSGSEND = YES;
				GCC_C_LANGUAGE_STANDARD = gnu11;
				GCC_NO_COMMON_BLOCKS = YES;
				GCC_WARN_64_TO_32_BIT_CONVERSION = YES;
				GCC_WARN_ABOUT_RETURN_TYPE = YES_ERROR;
				GCC_WARN_UNDECLARED_SELECTOR = YES;
				GCC_WARN_UNINITIALIZED_AUTOS = YES_AGGRESSIVE;
				GCC_WARN_UNUSED_FUNCTION = YES;
				GCC_WARN_UNUSED_VARIABLE = YES;
				IPHONEOS_DEPLOYMENT_TARGET = 17.0;
				MTL_ENABLE_DEBUG_INFO = NO;
				MTL_FAST_MATH = YES;
				PRODUCT_NAME = "$(TARGET_NAME)";
				SDKROOT = iphoneos;
				SWIFT_COMPILATION_MODE = wholemodule;
				SWIFT_OPTIMIZATION_LEVEL = "-O";
				SWIFT_VERSION = 5.0;
			};
			name = Release;
		};
		A53E5AF63D4041DCB84D3F82 /* Debug */ = {
			isa = XCBuildConfiguration;
			buildSettings = {
				ALWAYS_SEARCH_USER_PATHS = NO;
				CLANG_ANALYZER_NONNULL = YES;
				CLANG_ANALYZER_NUMBER_OBJECT_CONVERSION = YES_AGGRESSIVE;
				CLANG_CXX_LANGUAGE_STANDARD = "gnu++14";
				CLANG_CXX_LIBRARY = "libc++";
				CLANG_ENABLE_MODULES = YES;
				CLANG_ENABLE_OBJC_ARC = YES;
				CLANG_ENABLE_OBJC_WEAK = YES;
				CLANG_WARN_BLOCK_CAPTURE_AUTORELEASING = YES;
				CLANG_WARN_BOOL_CONVERSION = YES;
				CLANG_WARN_COMMA = YES;
				CLANG_WARN_CONSTANT_CONVERSION = YES;
				CLANG_WARN_DEPRECATED_OBJC_IMPLEMENTATIONS = YES;
				CLANG_WARN_DIRECT_OBJC_ISA_USAGE = YES_ERROR;
				CLANG_WARN_DOCUMENTATION_COMMENTS = YES;
				CLANG_WARN_EMPTY_BODY = YES;
				CLANG_WARN_ENUM_CONVERSION = YES;
				CLANG_WARN_INFINITE_RECURSION = YES;
				CLANG_WARN_INT_CONVERSION = YES;
				CLANG_WARN_NON_LITERAL_NULL_CONVERSION = YES;
				CLANG_WARN_OBJC_IMPLICIT_RETAIN_SELF = YES;
				CLANG_WARN_OBJC_LITERAL_CONVERSION = YES;
				CLANG_WARN_OBJC_ROOT_CLASS = YES_ERROR;
				CLANG_WARN_QUOTED_INCLUDE_IN_FRAMEWORK_HEADER = YES;
				CLANG_WARN_RANGE_LOOP_ANALYSIS = YES;
				CLANG_WARN_STRICT_PROTOTYPES = YES;
				CLANG_WARN_SUSPICIOUS_MOVE = YES;
				CLANG_WARN_UNGUARDED_AVAILABILITY = YES_AGGRESSIVE;
				CLANG_WARN_UNREACHABLE_CODE = YES;
				CLANG_WARN__DUPLICATE_METHOD_MATCH = YES;
				COPY_PHASE_STRIP = NO;
				DEBUG_INFORMATION_FORMAT = dwarf;
				ENABLE_STRICT_OBJC_MSGSEND = YES;
				ENABLE_TESTABILITY = YES;
				GCC_C_LANGUAGE_STANDARD = gnu11;
				GCC_DYNAMIC_NO_PIC = NO;
				GCC_NO_COMMON_BLOCKS = YES;
				GCC_OPTIMIZATION_LEVEL = 0;
				GCC_PREPROCESSOR_DEFINITIONS = (
					"$(inherited)",
					"DEBUG=1",
				);
				GCC_WARN_64_TO_32_BIT_CONVERSION = YES;
				GCC_WARN_ABOUT_RETURN_TYPE = YES_ERROR;
				GCC_WARN_UNDECLARED_SELECTOR = YES;
				GCC_WARN_UNINITIALIZED_AUTOS = YES_AGGRESSIVE;
				GCC_WARN_UNUSED_FUNCTION = YES;
				GCC_WARN_UNUSED_VARIABLE = YES;
				IPHONEOS_DEPLOYMENT_TARGET = 17.0;
				MTL_ENABLE_DEBUG_INFO = INCLUDE_SOURCE;
				MTL_FAST_MATH = YES;
				ONLY_ACTIVE_ARCH = YES;
				PRODUCT_NAME = "$(TARGET_NAME)";
				SDKROOT = iphoneos;
				SWIFT_ACTIVE_COMPILATION_CONDITIONS = DEBUG;
				SWIFT_OPTIMIZATION_LEVEL = "-Onone";
				SWIFT_VERSION = 5.0;
			};
			name = Debug;
		};
		E3781D47B090C720FE982181 /* Release */ = {
			isa = XCBuildConfiguration;
			buildSettings = {
				ASSETCATALOG_COMPILER_APPICON_NAME = AppIcon;
				CODE_SIGN_ENTITLEMENTS = App/DeepAlphaClub.entitlements;
				CODE_SIGN_IDENTITY = "iPhone Developer";
				CODE_SIGN_STYLE = Automatic;
				INFOPLIST_FILE = App/Info.plist;
				LD_RUNPATH_SEARCH_PATHS = (
					"$(inherited)",
					"@executable_path/Frameworks",
				);
				PRODUCT_BUNDLE_IDENTIFIER = club.deepalpha.ios;
				SDKROOT = iphoneos;
				SWIFT_VERSION = 6.0;
				TARGETED_DEVICE_FAMILY = "1,2";
			};
			name = Release;
		};
/* End XCBuildConfiguration section */

/* Begin XCConfigurationList section */
		68F4617145BA48228DEAC4BB /* Build configuration list for PBXProject "DeepAlphaClub" */ = {
			isa = XCConfigurationList;
			buildConfigurations = (
				A53E5AF63D4041DCB84D3F82 /* Debug */,
				8CBC51A915004AC0EE4CE96A /* Release */,
			);
			defaultConfigurationIsVisible = 0;
			defaultConfigurationName = Debug;
		};
		D62585479BC6F8F20A0C7FA6 /* Build configuration list for PBXNativeTarget "DeepAlphaClub" */ = {
			isa = XCConfigurationList;
			buildConfigurations = (
				5CC4E9F9B3B5ADA42F17579F /* Debug */,
				E3781D47B090C720FE982181 /* Release */,
			);
			defaultConfigurationIsVisible = 0;
			defaultConfigurationName = Debug;
		};
/* End XCConfigurationList section */

/* Begin XCLocalSwiftPackageReference section */
		5D5182E11576910FF3F65F90 /* XCLocalSwiftPackageReference "Core" */ = {
			isa = XCLocalSwiftPackageReference;
			relativePath = Core;
		};
/* End XCLocalSwiftPackageReference section */

/* Begin XCSwiftPackageProductDependency section */
		724DC702516AB02FE68B55C8 /* DeepAlphaCore */ = {
			isa = XCSwiftPackageProductDependency;
			productName = DeepAlphaCore;
		};
/* End XCSwiftPackageProductDependency section */
	};
	rootObject = 154909BBC56366610E579154 /* Project object */;
}
