// !$*UTF8*$!
{
	archiveVersion = 1;
	classes = {
	};
	objectVersion = 77;
	objects = {

/* Begin PBXBuildFile section */
		2F957A5D2D2AAA4430E16CFB /* BirthInfoFormView.swift in Sources */ = {isa = PBXBuildFile; fileRef = 55F794510F6A0513B56BD8B9 /* BirthInfoFormView.swift */; };
		3B5E445CCA247BD6EB6564B8 /* CompositionRoot.swift in Sources */ = {isa = PBXBuildFile; fileRef = 91C1D73B28DAB3D80401BA4D /* CompositionRoot.swift */; };
		62FCF74FA55017591657E510 /* DaYunSectionView.swift in Sources */ = {isa = PBXBuildFile; fileRef = B818496916E6B0979C78FD76 /* DaYunSectionView.swift */; };
		64717473F3336B9D54C861D5 /* RootView.swift in Sources */ = {isa = PBXBuildFile; fileRef = 3C6CE97EAD703FA97B7BCC80 /* RootView.swift */; };
		67A19AE1515596DAB06BEEDF /* DeepAlphaBaZiCore in Frameworks */ = {isa = PBXBuildFile; productRef = 45045E26918FA5C66D14B92B /* DeepAlphaBaZiCore */; };
		9DEA52E7E40F97229CB0A3E9 /* DeepAlphaBaZiApp.swift in Sources */ = {isa = PBXBuildFile; fileRef = D009E019EA6B3512906C6C2F /* DeepAlphaBaZiApp.swift */; };
		B0200CC7572E6768FD669A86 /* Assets.xcassets in Resources */ = {isa = PBXBuildFile; fileRef = 4905ACBC040C0DEEA128FDC2 /* Assets.xcassets */; };
		E59BBEFB210A1E7FF61DB883 /* DeepInterpretationView.swift in Sources */ = {isa = PBXBuildFile; fileRef = EA67B3EAD9849996833EB150 /* DeepInterpretationView.swift */; };
		EB12867624A9506AC488AA99 /* ChartHomeView.swift in Sources */ = {isa = PBXBuildFile; fileRef = 9D53290694A4C136EE9B8061 /* ChartHomeView.swift */; };
/* End PBXBuildFile section */

/* Begin PBXFileReference section */
		0023331B991E1130871CC4C8 /* DeepAlphaBaZi.app */ = {isa = PBXFileReference; includeInIndex = 0; lastKnownFileType = wrapper.application; path = DeepAlphaBaZi.app; sourceTree = BUILT_PRODUCTS_DIR; };
		1077EA2677337BA2832A7746 /* Core */ = {isa = PBXFileReference; lastKnownFileType = folder; name = Core; path = Core; sourceTree = SOURCE_ROOT; };
		3C6CE97EAD703FA97B7BCC80 /* RootView.swift */ = {isa = PBXFileReference; lastKnownFileType = sourcecode.swift; path = RootView.swift; sourceTree = "<group>"; };
		4905ACBC040C0DEEA128FDC2 /* Assets.xcassets */ = {isa = PBXFileReference; lastKnownFileType = folder.assetcatalog; path = Assets.xcassets; sourceTree = "<group>"; };
		521838C1BBE15D2D9A1D7201 /* Info.plist */ = {isa = PBXFileReference; lastKnownFileType = text.plist; path = Info.plist; sourceTree = "<group>"; };
		55F794510F6A0513B56BD8B9 /* BirthInfoFormView.swift */ = {isa = PBXFileReference; lastKnownFileType = sourcecode.swift; path = BirthInfoFormView.swift; sourceTree = "<group>"; };
		91C1D73B28DAB3D80401BA4D /* CompositionRoot.swift */ = {isa = PBXFileReference; lastKnownFileType = sourcecode.swift; path = CompositionRoot.swift; sourceTree = "<group>"; };
		9D53290694A4C136EE9B8061 /* ChartHomeView.swift */ = {isa = PBXFileReference; lastKnownFileType = sourcecode.swift; path = ChartHomeView.swift; sourceTree = "<group>"; };
		B818496916E6B0979C78FD76 /* DaYunSectionView.swift */ = {isa = PBXFileReference; lastKnownFileType = sourcecode.swift; path = DaYunSectionView.swift; sourceTree = "<group>"; };
		D009E019EA6B3512906C6C2F /* DeepAlphaBaZiApp.swift */ = {isa = PBXFileReference; lastKnownFileType = sourcecode.swift; path = DeepAlphaBaZiApp.swift; sourceTree = "<group>"; };
		EA67B3EAD9849996833EB150 /* DeepInterpretationView.swift */ = {isa = PBXFileReference; lastKnownFileType = sourcecode.swift; path = DeepInterpretationView.swift; sourceTree = "<group>"; };
/* End PBXFileReference section */

/* Begin PBXFrameworksBuildPhase section */
		5C504607B1C27B12403D2D62 /* Frameworks */ = {
			isa = PBXFrameworksBuildPhase;
			buildActionMask = 2147483647;
			files = (
				67A19AE1515596DAB06BEEDF /* DeepAlphaBaZiCore in Frameworks */,
			);
			runOnlyForDeploymentPostprocessing = 0;
		};
/* End PBXFrameworksBuildPhase section */

/* Begin PBXGroup section */
		06A3671F0953ABCAB97D07C6 = {
			isa = PBXGroup;
			children = (
				9396CF70EAF4C4186D0D1C81 /* App */,
				475CBB35A59935E8D9AFA93A /* Packages */,
				8E252A11BAD00D5459639E96 /* Products */,
			);
			sourceTree = "<group>";
		};
		475CBB35A59935E8D9AFA93A /* Packages */ = {
			isa = PBXGroup;
			children = (
				1077EA2677337BA2832A7746 /* Core */,
			);
			name = Packages;
			sourceTree = "<group>";
		};
		8D0BC2C4B4EF1C887349B59B /* Resources */ = {
			isa = PBXGroup;
			children = (
				4905ACBC040C0DEEA128FDC2 /* Assets.xcassets */,
			);
			path = Resources;
			sourceTree = "<group>";
		};
		8E252A11BAD00D5459639E96 /* Products */ = {
			isa = PBXGroup;
			children = (
				0023331B991E1130871CC4C8 /* DeepAlphaBaZi.app */,
			);
			name = Products;
			sourceTree = "<group>";
		};
		9396CF70EAF4C4186D0D1C81 /* App */ = {
			isa = PBXGroup;
			children = (
				91C1D73B28DAB3D80401BA4D /* CompositionRoot.swift */,
				D009E019EA6B3512906C6C2F /* DeepAlphaBaZiApp.swift */,
				521838C1BBE15D2D9A1D7201 /* Info.plist */,
				3C6CE97EAD703FA97B7BCC80 /* RootView.swift */,
				98F9BB9CA0A8CB44DD1D875B /* Features */,
				8D0BC2C4B4EF1C887349B59B /* Resources */,
			);
			path = App;
			sourceTree = "<group>";
		};
		98F9BB9CA0A8CB44DD1D875B /* Features */ = {
			isa = PBXGroup;
			children = (
				C18EB29C310A6A4054A0A1FF /* Bazi */,
			);
			path = Features;
			sourceTree = "<group>";
		};
		C18EB29C310A6A4054A0A1FF /* Bazi */ = {
			isa = PBXGroup;
			children = (
				55F794510F6A0513B56BD8B9 /* BirthInfoFormView.swift */,
				9D53290694A4C136EE9B8061 /* ChartHomeView.swift */,
				B818496916E6B0979C78FD76 /* DaYunSectionView.swift */,
				EA67B3EAD9849996833EB150 /* DeepInterpretationView.swift */,
			);
			path = Bazi;
			sourceTree = "<group>";
		};
/* End PBXGroup section */

/* Begin PBXNativeTarget section */
		AA545E6D671B639823F74BD9 /* DeepAlphaBaZi */ = {
			isa = PBXNativeTarget;
			buildConfigurationList = E39C584D5EAD01B27C0A81E9 /* Build configuration list for PBXNativeTarget "DeepAlphaBaZi" */;
			buildPhases = (
				CA1772AC0D4D21927C8412F7 /* Sources */,
				78C6D5C01C74C33046780FF1 /* Resources */,
				5C504607B1C27B12403D2D62 /* Frameworks */,
			);
			buildRules = (
			);
			dependencies = (
			);
			name = DeepAlphaBaZi;
			packageProductDependencies = (
				45045E26918FA5C66D14B92B /* DeepAlphaBaZiCore */,
			);
			productName = DeepAlphaBaZi;
			productReference = 0023331B991E1130871CC4C8 /* DeepAlphaBaZi.app */;
			productType = "com.apple.product-type.application";
		};
/* End PBXNativeTarget section */

/* Begin PBXProject section */
		2A256053C296D257692B46D4 /* Project object */ = {
			isa = PBXProject;
			attributes = {
				BuildIndependentTargetsInParallel = YES;
				LastUpgradeCheck = 1430;
				TargetAttributes = {
					AA545E6D671B639823F74BD9 = {
						ProvisioningStyle = Automatic;
					};
				};
			};
			buildConfigurationList = 71E219E5AE14063F90F6B3C6 /* Build configuration list for PBXProject "DeepAlphaBaZi" */;
			developmentRegion = en;
			hasScannedForEncodings = 0;
			knownRegions = (
				Base,
				en,
			);
			mainGroup = 06A3671F0953ABCAB97D07C6;
			minimizedProjectReferenceProxies = 1;
			packageReferences = (
				953D1A7BE99CFA6C133D6318 /* XCLocalSwiftPackageReference "Core" */,
			);
			preferredProjectObjectVersion = 77;
			productRefGroup = 8E252A11BAD00D5459639E96 /* Products */;
			projectDirPath = "";
			projectRoot = "";
			targets = (
				AA545E6D671B639823F74BD9 /* DeepAlphaBaZi */,
			);
		};
/* End PBXProject section */

/* Begin PBXResourcesBuildPhase section */
		78C6D5C01C74C33046780FF1 /* Resources */ = {
			isa = PBXResourcesBuildPhase;
			buildActionMask = 2147483647;
			files = (
				B0200CC7572E6768FD669A86 /* Assets.xcassets in Resources */,
			);
			runOnlyForDeploymentPostprocessing = 0;
		};
/* End PBXResourcesBuildPhase section */

/* Begin PBXSourcesBuildPhase section */
		CA1772AC0D4D21927C8412F7 /* Sources */ = {
			isa = PBXSourcesBuildPhase;
			buildActionMask = 2147483647;
			files = (
				2F957A5D2D2AAA4430E16CFB /* BirthInfoFormView.swift in Sources */,
				EB12867624A9506AC488AA99 /* ChartHomeView.swift in Sources */,
				3B5E445CCA247BD6EB6564B8 /* CompositionRoot.swift in Sources */,
				62FCF74FA55017591657E510 /* DaYunSectionView.swift in Sources */,
				9DEA52E7E40F97229CB0A3E9 /* DeepAlphaBaZiApp.swift in Sources */,
				E59BBEFB210A1E7FF61DB883 /* DeepInterpretationView.swift in Sources */,
				64717473F3336B9D54C861D5 /* RootView.swift in Sources */,
			);
			runOnlyForDeploymentPostprocessing = 0;
		};
/* End PBXSourcesBuildPhase section */

/* Begin XCBuildConfiguration section */
		66FEA07C0BA14E0A9E6EA676 /* Release */ = {
			isa = XCBuildConfiguration;
			buildSettings = {
				ALWAYS_SEARCH_USER_PATHS = NO;
				CLANG_ANALYZER_NONNULL = YES;
				CLANG_ANALYZER_NUMBER_OBJECT_CONVERSION = YES_AGGRESSIVE;
				CLANG_CXX_LANGUAGE_STANDARD = "gnu++14";
				CLANG_CXX_LIBRARY = "libc++";
				CLANG_ENABLE_MODULES = YES;
				CLANG_ENABLE_OBJC_ARC = YES;
				CLANG_ENABLE_OBJC_WEAK = YES;
				CLANG_WARN_BLOCK_CAPTURE_AUTORELEASING = YES;
				CLANG_WARN_BOOL_CONVERSION = YES;
				CLANG_WARN_COMMA = YES;
				CLANG_WARN_CONSTANT_CONVERSION = YES;
				CLANG_WARN_DEPRECATED_OBJC_IMPLEMENTATIONS = YES;
				CLANG_WARN_DIRECT_OBJC_ISA_USAGE = YES_ERROR;
				CLANG_WARN_DOCUMENTATION_COMMENTS = YES;
				CLANG_WARN_EMPTY_BODY = YES;
				CLANG_WARN_ENUM_CONVERSION = YES;
				CLANG_WARN_INFINITE_RECURSION = YES;
				CLANG_WARN_INT_CONVERSION = YES;
				CLANG_WARN_NON_LITERAL_NULL_CONVERSION = YES;
				CLANG_WARN_OBJC_IMPLICIT_RETAIN_SELF = YES;
				CLANG_WARN_OBJC_LITERAL_CONVERSION = YES;
				CLANG_WARN_OBJC_ROOT_CLASS = YES_ERROR;
				CLANG_WARN_QUOTED_INCLUDE_IN_FRAMEWORK_HEADER = YES;
				CLANG_WARN_RANGE_LOOP_ANALYSIS = YES;
				CLANG_WARN_STRICT_PROTOTYPES = YES;
				CLANG_WARN_SUSPICIOUS_MOVE = YES;
				CLANG_WARN_UNGUARDED_AVAILABILITY = YES_AGGRESSIVE;
				CLANG_WARN_UNREACHABLE_CODE = YES;
				CLANG_WARN__DUPLICATE_METHOD_MATCH = YES;
				COPY_PHASE_STRIP = NO;
				DEBUG_INFORMATION_FORMAT = "dwarf-with-dsym";
				ENABLE_NS_ASSERTIONS = NO;
				ENABLE_STRICT_OBJC_MSGSEND = YES;
				GCC_C_LANGUAGE_STANDARD = gnu11;
				GCC_NO_COMMON_BLOCKS = YES;
				GCC_WARN_64_TO_32_BIT_CONVERSION = YES;
				GCC_WARN_ABOUT_RETURN_TYPE = YES_ERROR;
				GCC_WARN_UNDECLARED_SELECTOR = YES;
				GCC_WARN_UNINITIALIZED_AUTOS = YES_AGGRESSIVE;
				GCC_WARN_UNUSED_FUNCTION = YES;
				GCC_WARN_UNUSED_VARIABLE = YES;
				IPHONEOS_DEPLOYMENT_TARGET = 17.0;
				MTL_ENABLE_DEBUG_INFO = NO;
				MTL_FAST_MATH = YES;
				PRODUCT_NAME = "$(TARGET_NAME)";
				SDKROOT = iphoneos;
				SWIFT_COMPILATION_MODE = wholemodule;
				SWIFT_OPTIMIZATION_LEVEL = "-O";
				SWIFT_VERSION = 5.0;
			};
			name = Release;
		};
		B591D4D50C06A0B25BCA2222 /* Debug */ = {
			isa = XCBuildConfiguration;
			buildSettings = {
				ASSETCATALOG_COMPILER_APPICON_NAME = AppIcon;
				CODE_SIGN_IDENTITY = "iPhone Developer";
				CODE_SIGN_STYLE = Automatic;
				INFOPLIST_FILE = App/Info.plist;
				LD_RUNPATH_SEARCH_PATHS = (
					"$(inherited)",
					"@executable_path/Frameworks",
				);
				PRODUCT_BUNDLE_IDENTIFIER = club.deepalpha.bazi;
				SDKROOT = iphoneos;
				SWIFT_VERSION = 6.0;
				TARGETED_DEVICE_FAMILY = "1,2";
			};
			name = Debug;
		};
		BFAB4D7BF28E9EA04D89907E /* Release */ = {
			isa = XCBuildConfiguration;
			buildSettings = {
				ASSETCATALOG_COMPILER_APPICON_NAME = AppIcon;
				CODE_SIGN_IDENTITY = "iPhone Developer";
				CODE_SIGN_STYLE = Automatic;
				INFOPLIST_FILE = App/Info.plist;
				LD_RUNPATH_SEARCH_PATHS = (
					"$(inherited)",
					"@executable_path/Frameworks",
				);
				PRODUCT_BUNDLE_IDENTIFIER = club.deepalpha.bazi;
				SDKROOT = iphoneos;
				SWIFT_VERSION = 6.0;
				TARGETED_DEVICE_FAMILY = "1,2";
			};
			name = Release;
		};
		E38AA3EFDB178E34FB8183CB /* Debug */ = {
			isa = XCBuildConfiguration;
			buildSettings = {
				ALWAYS_SEARCH_USER_PATHS = NO;
				CLANG_ANALYZER_NONNULL = YES;
				CLANG_ANALYZER_NUMBER_OBJECT_CONVERSION = YES_AGGRESSIVE;
				CLANG_CXX_LANGUAGE_STANDARD = "gnu++14";
				CLANG_CXX_LIBRARY = "libc++";
				CLANG_ENABLE_MODULES = YES;
				CLANG_ENABLE_OBJC_ARC = YES;
				CLANG_ENABLE_OBJC_WEAK = YES;
				CLANG_WARN_BLOCK_CAPTURE_AUTORELEASING = YES;
				CLANG_WARN_BOOL_CONVERSION = YES;
				CLANG_WARN_COMMA = YES;
				CLANG_WARN_CONSTANT_CONVERSION = YES;
				CLANG_WARN_DEPRECATED_OBJC_IMPLEMENTATIONS = YES;
				CLANG_WARN_DIRECT_OBJC_ISA_USAGE = YES_ERROR;
				CLANG_WARN_DOCUMENTATION_COMMENTS = YES;
				CLANG_WARN_EMPTY_BODY = YES;
				CLANG_WARN_ENUM_CONVERSION = YES;
				CLANG_WARN_INFINITE_RECURSION = YES;
				CLANG_WARN_INT_CONVERSION = YES;
				CLANG_WARN_NON_LITERAL_NULL_CONVERSION = YES;
				CLANG_WARN_OBJC_IMPLICIT_RETAIN_SELF = YES;
				CLANG_WARN_OBJC_LITERAL_CONVERSION = YES;
				CLANG_WARN_OBJC_ROOT_CLASS = YES_ERROR;
				CLANG_WARN_QUOTED_INCLUDE_IN_FRAMEWORK_HEADER = YES;
				CLANG_WARN_RANGE_LOOP_ANALYSIS = YES;
				CLANG_WARN_STRICT_PROTOTYPES = YES;
				CLANG_WARN_SUSPICIOUS_MOVE = YES;
				CLANG_WARN_UNGUARDED_AVAILABILITY = YES_AGGRESSIVE;
				CLANG_WARN_UNREACHABLE_CODE = YES;
				CLANG_WARN__DUPLICATE_METHOD_MATCH = YES;
				COPY_PHASE_STRIP = NO;
				DEBUG_INFORMATION_FORMAT = dwarf;
				ENABLE_STRICT_OBJC_MSGSEND = YES;
				ENABLE_TESTABILITY = YES;
				GCC_C_LANGUAGE_STANDARD = gnu11;
				GCC_DYNAMIC_NO_PIC = NO;
				GCC_NO_COMMON_BLOCKS = YES;
				GCC_OPTIMIZATION_LEVEL = 0;
				GCC_PREPROCESSOR_DEFINITIONS = (
					"$(inherited)",
					"DEBUG=1",
				);
				GCC_WARN_64_TO_32_BIT_CONVERSION = YES;
				GCC_WARN_ABOUT_RETURN_TYPE = YES_ERROR;
				GCC_WARN_UNDECLARED_SELECTOR = YES;
				GCC_WARN_UNINITIALIZED_AUTOS = YES_AGGRESSIVE;
				GCC_WARN_UNUSED_FUNCTION = YES;
				GCC_WARN_UNUSED_VARIABLE = YES;
				IPHONEOS_DEPLOYMENT_TARGET = 17.0;
				MTL_ENABLE_DEBUG_INFO = INCLUDE_SOURCE;
				MTL_FAST_MATH = YES;
				ONLY_ACTIVE_ARCH = YES;
				PRODUCT_NAME = "$(TARGET_NAME)";
				SDKROOT = iphoneos;
				SWIFT_ACTIVE_COMPILATION_CONDITIONS = DEBUG;
				SWIFT_OPTIMIZATION_LEVEL = "-Onone";
				SWIFT_VERSION = 5.0;
			};
			name = Debug;
		};
/* End XCBuildConfiguration section */

/* Begin XCConfigurationList section */
		71E219E5AE14063F90F6B3C6 /* Build configuration list for PBXProject "DeepAlphaBaZi" */ = {
			isa = XCConfigurationList;
			buildConfigurations = (
				E38AA3EFDB178E34FB8183CB /* Debug */,
				66FEA07C0BA14E0A9E6EA676 /* Release */,
			);
			defaultConfigurationIsVisible = 0;
			defaultConfigurationName = Debug;
		};
		E39C584D5EAD01B27C0A81E9 /* Build configuration list for PBXNativeTarget "DeepAlphaBaZi" */ = {
			isa = XCConfigurationList;
			buildConfigurations = (
				B591D4D50C06A0B25BCA2222 /* Debug */,
				BFAB4D7BF28E9EA04D89907E /* Release */,
			);
			defaultConfigurationIsVisible = 0;
			defaultConfigurationName = Debug;
		};
/* End XCConfigurationList section */

/* Begin XCLocalSwiftPackageReference section */
		953D1A7BE99CFA6C133D6318 /* XCLocalSwiftPackageReference "Core" */ = {
			isa = XCLocalSwiftPackageReference;
			relativePath = Core;
		};
/* End XCLocalSwiftPackageReference section */

/* Begin XCSwiftPackageProductDependency section */
		45045E26918FA5C66D14B92B /* DeepAlphaBaZiCore */ = {
			isa = XCSwiftPackageProductDependency;
			productName = DeepAlphaBaZiCore;
		};
/* End XCSwiftPackageProductDependency section */
	};
	rootObject = 2A256053C296D257692B46D4 /* Project object */;
}
